
Microsoft Visual Studio Solution File, Format Version 12.00
# Visual Studio Version 17
VisualStudioVersion = 17.3.32929.385
MinimumVisualStudioVersion = 10.0.40219.1
Project("{FAE04EC0-301F-11D3-BF4B-00C04F79EFBC}") = "[作業(Exec_While_Q2 )]-21謝孟勳", "[作業(Exec_While_Q2 )]-21謝孟勳\[作業(Exec_While_Q2 )]-21謝孟勳.csproj", "{EF7828CA-F9DC-4FB3-A9D5-EEFB7221852C}"
EndProject
Global
	GlobalSection(SolutionConfigurationPlatforms) = preSolution
		Debug|Any CPU = Debug|Any CPU
		Release|Any CPU = Release|Any CPU
	EndGlobalSection
	GlobalSection(ProjectConfigurationPlatforms) = postSolution
		{EF7828CA-F9DC-4FB3-A9D5-EEFB7221852C}.Debug|Any CPU.ActiveCfg = Debug|Any CPU
		{EF7828CA-F9DC-4FB3-A9D5-EEFB7221852C}.Debug|Any CPU.Build.0 = Debug|Any CPU
		{EF7828CA-F9DC-4FB3-A9D5-EEFB7221852C}.Release|Any CPU.ActiveCfg = Release|Any CPU
		{EF7828CA-F9DC-4FB3-A9D5-EEFB7221852C}.Release|Any CPU.Build.0 = Release|Any CPU
	EndGlobalSection
	GlobalSection(SolutionProperties) = preSolution
		HideSolutionNode = FALSE
	EndGlobalSection
	GlobalSection(ExtensibilityGlobals) = postSolution
		SolutionGuid = {8A4F32BD-FBD4-4D7C-AB24-3E20F218971E}
	EndGlobalSection
EndGlobal
